
Microsoft Visual Studio Solution File, Format Version 12.00
# Visual Studio 2013
VisualStudioVersion = 12.0.21005.1
MinimumVisualStudioVersion = 10.0.40219.1
Project("{FAE04EC0-301F-11D3-BF4B-00C04F79EFBC}") = "MLTcola桌面管理系统", "MLTcola桌面管理系统\MLTcola桌面管理系统.csproj", "{4E0EDBA5-0902-422E-A00F-374FF25A9AF0}"
EndProject
Project("{54435603-DBB4-11D2-8724-00A0C9A8B90C}") = "Setup", "Setup\Setup.vdproj", "{7F8B68A9-491F-4AB8-AC7D-E67D6F6D48B5}"
EndProject
Global
	GlobalSection(SolutionConfigurationPlatforms) = preSolution
		Debug|Any CPU = Debug|Any CPU
		Release|Any CPU = Release|Any CPU
	EndGlobalSection
	GlobalSection(ProjectConfigurationPlatforms) = postSolution
		{4E0EDBA5-0902-422E-A00F-374FF25A9AF0}.Debug|Any CPU.ActiveCfg = Debug|Any CPU
		{4E0EDBA5-0902-422E-A00F-374FF25A9AF0}.Debug|Any CPU.Build.0 = Debug|Any CPU
		{4E0EDBA5-0902-422E-A00F-374FF25A9AF0}.Release|Any CPU.ActiveCfg = Release|Any CPU
		{4E0EDBA5-0902-422E-A00F-374FF25A9AF0}.Release|Any CPU.Build.0 = Release|Any CPU
		{7F8B68A9-491F-4AB8-AC7D-E67D6F6D48B5}.Debug|Any CPU.ActiveCfg = Debug
		{7F8B68A9-491F-4AB8-AC7D-E67D6F6D48B5}.Release|Any CPU.ActiveCfg = Release
	EndGlobalSection
	GlobalSection(SolutionProperties) = preSolution
		HideSolutionNode = FALSE
	EndGlobalSection
EndGlobal
